{
  "name": "termux-utils",
  "version": "18.0.0",
  "lockfileVersion": 3,
  "requires": true,
  "packages": {
    "": {
      "name": "termux-utils",
      "version": "18.0.0",
      "license": "ISC",
      "dependencies": {
        "termux-utils": "^3.7.2"
      }
    },
    "node_modules/termux-utils": {
      "version": "3.7.2",
      "resolved": "https://registry.npmjs.org/termux-utils/-/termux-utils-3.7.2.tgz",
      "integrity": "sha512-c5WidczkKfgoiRnh2SFhmeKrQtF6N61WhVcjU8Xz8prtWLa+5HQtReLQrtnC6J61vTWz9vf4EwIrkACSUvO8AQ==",
      "license": "ISC"
    }
  }
}
